// !$*UTF8*$!
{
	archiveVersion = 1;
	classes = {
	};
	objectVersion = 46;
	objects = {

/* Begin PBXBuildFile section */
		0AA8826F1EDBA5CB3D94BF51 /* Pods_CabifyMobileChallengeTests.framework in Frameworks */ = {isa = PBXBuildFile; fileRef = 6517FC909C9E71A1DBB9AAEB /* Pods_CabifyMobileChallengeTests.framework */; };
		89A79A1C1DC76A5000AE2949 /* ProductListFooterView.swift in Sources */ = {isa = PBXBuildFile; fileRef = 89A79A1B1DC76A5000AE2949 /* ProductListFooterView.swift */; };
		89A79A221DC7948900AE2949 /* GetProductsRequestTests.swift in Sources */ = {isa = PBXBuildFile; fileRef = 89A79A211DC7948900AE2949 /* GetProductsRequestTests.swift */; };
		89A79A241DC794E700AE2949 /* GetProductsRequestManagerTests.swift in Sources */ = {isa = PBXBuildFile; fileRef = 89A79A231DC794E700AE2949 /* GetProductsRequestManagerTests.swift */; };
		89A79A251DC796C400AE2949 /* Product.swift in Sources */ = {isa = PBXBuildFile; fileRef = 89CCF2D71DC601D300142304 /* Product.swift */; };
		89A79A261DC796D000AE2949 /* ProductListModel.swift in Sources */ = {isa = PBXBuildFile; fileRef = 89CCF2D51DC601BB00142304 /* ProductListModel.swift */; };
		89A79A291DC7992400AE2949 /* ProductListViewControllerAccessoryTests.swift in Sources */ = {isa = PBXBuildFile; fileRef = 89A79A281DC7992400AE2949 /* ProductListViewControllerAccessoryTests.swift */; };
		89CCF2A01DC3C68100142304 /* AppDelegate.swift in Sources */ = {isa = PBXBuildFile; fileRef = 89CCF29F1DC3C68100142304 /* AppDelegate.swift */; };
		89CCF2A51DC3C68100142304 /* Main.storyboard in Resources */ = {isa = PBXBuildFile; fileRef = 89CCF2A31DC3C68100142304 /* Main.storyboard */; };
		89CCF2A71DC3C68100142304 /* Assets.xcassets in Resources */ = {isa = PBXBuildFile; fileRef = 89CCF2A61DC3C68100142304 /* Assets.xcassets */; };
		89CCF2AA1DC3C68100142304 /* LaunchScreen.storyboard in Resources */ = {isa = PBXBuildFile; fileRef = 89CCF2A81DC3C68100142304 /* LaunchScreen.storyboard */; };
		89CCF2C81DC5F3C800142304 /* Utils.swift in Sources */ = {isa = PBXBuildFile; fileRef = 89CCF2C71DC5F3C800142304 /* Utils.swift */; };
		89CCF2C91DC5F3C800142304 /* Utils.swift in Sources */ = {isa = PBXBuildFile; fileRef = 89CCF2C71DC5F3C800142304 /* Utils.swift */; };
		89CCF2D21DC5F86D00142304 /* ProductListViewController.swift in Sources */ = {isa = PBXBuildFile; fileRef = 89CCF2D11DC5F86D00142304 /* ProductListViewController.swift */; };
		89CCF2D41DC5F9BE00142304 /* ProductTableViewCell.swift in Sources */ = {isa = PBXBuildFile; fileRef = 89CCF2D31DC5F9BE00142304 /* ProductTableViewCell.swift */; };
		89CCF2D61DC601BB00142304 /* ProductListModel.swift in Sources */ = {isa = PBXBuildFile; fileRef = 89CCF2D51DC601BB00142304 /* ProductListModel.swift */; };
		89CCF2D81DC601D300142304 /* Product.swift in Sources */ = {isa = PBXBuildFile; fileRef = 89CCF2D71DC601D300142304 /* Product.swift */; };
		89CCF2DA1DC6049100142304 /* Localizable.strings in Resources */ = {isa = PBXBuildFile; fileRef = 89CCF2D91DC6049100142304 /* Localizable.strings */; };
		89CCF2DD1DC740C400142304 /* Request.swift in Sources */ = {isa = PBXBuildFile; fileRef = 89CCF2DC1DC740C400142304 /* Request.swift */; };
		89CCF2DE1DC740C400142304 /* Request.swift in Sources */ = {isa = PBXBuildFile; fileRef = 89CCF2DC1DC740C400142304 /* Request.swift */; };
		89CCF2E11DC743B800142304 /* NSObjectExtension.swift in Sources */ = {isa = PBXBuildFile; fileRef = 89CCF2E01DC743B800142304 /* NSObjectExtension.swift */; };
		89CCF2E21DC743B800142304 /* NSObjectExtension.swift in Sources */ = {isa = PBXBuildFile; fileRef = 89CCF2E01DC743B800142304 /* NSObjectExtension.swift */; };
		89CCF2E41DC7442D00142304 /* RequestManager.swift in Sources */ = {isa = PBXBuildFile; fileRef = 89CCF2E31DC7442D00142304 /* RequestManager.swift */; };
		89CCF2E51DC7442D00142304 /* RequestManager.swift in Sources */ = {isa = PBXBuildFile; fileRef = 89CCF2E31DC7442D00142304 /* RequestManager.swift */; };
		89CCF2E71DC7455200142304 /* RequestManagerResponse.swift in Sources */ = {isa = PBXBuildFile; fileRef = 89CCF2E61DC7455200142304 /* RequestManagerResponse.swift */; };
		89CCF2E81DC7455200142304 /* RequestManagerResponse.swift in Sources */ = {isa = PBXBuildFile; fileRef = 89CCF2E61DC7455200142304 /* RequestManagerResponse.swift */; };
		89CCF2EC1DC7468F00142304 /* GetProductsRequest.swift in Sources */ = {isa = PBXBuildFile; fileRef = 89CCF2EB1DC7468F00142304 /* GetProductsRequest.swift */; };
		89CCF2ED1DC7468F00142304 /* GetProductsRequest.swift in Sources */ = {isa = PBXBuildFile; fileRef = 89CCF2EB1DC7468F00142304 /* GetProductsRequest.swift */; };
		89CCF2F71DC748A400142304 /* GetProductsRequestManager.swift in Sources */ = {isa = PBXBuildFile; fileRef = 89CCF2F61DC748A400142304 /* GetProductsRequestManager.swift */; };
		89CCF2F81DC748A400142304 /* GetProductsRequestManager.swift in Sources */ = {isa = PBXBuildFile; fileRef = 89CCF2F61DC748A400142304 /* GetProductsRequestManager.swift */; };
		89CCF2FD1DC74B0A00142304 /* UIViewControllerExtension.swift in Sources */ = {isa = PBXBuildFile; fileRef = 89CCF2FC1DC74B0A00142304 /* UIViewControllerExtension.swift */; };
		89CCF2FE1DC74B0A00142304 /* UIViewControllerExtension.swift in Sources */ = {isa = PBXBuildFile; fileRef = 89CCF2FC1DC74B0A00142304 /* UIViewControllerExtension.swift */; };
		89CCF3001DC758D600142304 /* ProductListViewControllerAccessory.swift in Sources */ = {isa = PBXBuildFile; fileRef = 89CCF2FF1DC758D600142304 /* ProductListViewControllerAccessory.swift */; };
		89CCF3011DC758D600142304 /* ProductListViewControllerAccessory.swift in Sources */ = {isa = PBXBuildFile; fileRef = 89CCF2FF1DC758D600142304 /* ProductListViewControllerAccessory.swift */; };
		A435135D3934E95018BBDE7E /* Pods_CabifyMobileChallenge.framework in Frameworks */ = {isa = PBXBuildFile; fileRef = 3D1017A4B3507329C9AD68AA /* Pods_CabifyMobileChallenge.framework */; };
/* End PBXBuildFile section */

/* Begin PBXContainerItemProxy section */
		89CCF2B11DC3C68100142304 /* PBXContainerItemProxy */ = {
			isa = PBXContainerItemProxy;
			containerPortal = 89CCF2941DC3C68000142304 /* Project object */;
			proxyType = 1;
			remoteGlobalIDString = 89CCF29B1DC3C68100142304;
			remoteInfo = CabifyMobileChallenge;
		};
/* End PBXContainerItemProxy section */

/* Begin PBXFileReference section */
		3D1017A4B3507329C9AD68AA /* Pods_CabifyMobileChallenge.framework */ = {isa = PBXFileReference; explicitFileType = wrapper.framework; includeInIndex = 0; path = Pods_CabifyMobileChallenge.framework; sourceTree = BUILT_PRODUCTS_DIR; };
		3EF8A03B66701121BC49F079 /* Pods-CabifyMobileChallengeTests.release.xcconfig */ = {isa = PBXFileReference; includeInIndex = 1; lastKnownFileType = text.xcconfig; name = "Pods-CabifyMobileChallengeTests.release.xcconfig"; path = "Pods/Target Support Files/Pods-CabifyMobileChallengeTests/Pods-CabifyMobileChallengeTests.release.xcconfig"; sourceTree = "<group>"; };
		6517FC909C9E71A1DBB9AAEB /* Pods_CabifyMobileChallengeTests.framework */ = {isa = PBXFileReference; explicitFileType = wrapper.framework; includeInIndex = 0; path = Pods_CabifyMobileChallengeTests.framework; sourceTree = BUILT_PRODUCTS_DIR; };
		72B7D6E0B03B4824D3FF185B /* Pods-CabifyMobileChallengeTests.debug.xcconfig */ = {isa = PBXFileReference; includeInIndex = 1; lastKnownFileType = text.xcconfig; name = "Pods-CabifyMobileChallengeTests.debug.xcconfig"; path = "Pods/Target Support Files/Pods-CabifyMobileChallengeTests/Pods-CabifyMobileChallengeTests.debug.xcconfig"; sourceTree = "<group>"; };
		7FDD3A327A8A87E3732606B6 /* Pods-CabifyMobileChallenge.release.xcconfig */ = {isa = PBXFileReference; includeInIndex = 1; lastKnownFileType = text.xcconfig; name = "Pods-CabifyMobileChallenge.release.xcconfig"; path = "Pods/Target Support Files/Pods-CabifyMobileChallenge/Pods-CabifyMobileChallenge.release.xcconfig"; sourceTree = "<group>"; };
		89A79A1B1DC76A5000AE2949 /* ProductListFooterView.swift */ = {isa = PBXFileReference; fileEncoding = 4; lastKnownFileType = sourcecode.swift; path = ProductListFooterView.swift; sourceTree = "<group>"; };
		89A79A211DC7948900AE2949 /* GetProductsRequestTests.swift */ = {isa = PBXFileReference; fileEncoding = 4; lastKnownFileType = sourcecode.swift; path = GetProductsRequestTests.swift; sourceTree = "<group>"; };
		89A79A231DC794E700AE2949 /* GetProductsRequestManagerTests.swift */ = {isa = PBXFileReference; fileEncoding = 4; lastKnownFileType = sourcecode.swift; path = GetProductsRequestManagerTests.swift; sourceTree = "<group>"; };
		89A79A281DC7992400AE2949 /* ProductListViewControllerAccessoryTests.swift */ = {isa = PBXFileReference; fileEncoding = 4; lastKnownFileType = sourcecode.swift; path = ProductListViewControllerAccessoryTests.swift; sourceTree = "<group>"; };
		89CCF29C1DC3C68100142304 /* CabifyMobileChallenge.app */ = {isa = PBXFileReference; explicitFileType = wrapper.application; includeInIndex = 0; path = CabifyMobileChallenge.app; sourceTree = BUILT_PRODUCTS_DIR; };
		89CCF29F1DC3C68100142304 /* AppDelegate.swift */ = {isa = PBXFileReference; lastKnownFileType = sourcecode.swift; path = AppDelegate.swift; sourceTree = "<group>"; };
		89CCF2A41DC3C68100142304 /* Base */ = {isa = PBXFileReference; lastKnownFileType = file.storyboard; name = Base; path = Base.lproj/Main.storyboard; sourceTree = "<group>"; };
		89CCF2A61DC3C68100142304 /* Assets.xcassets */ = {isa = PBXFileReference; lastKnownFileType = folder.assetcatalog; path = Assets.xcassets; sourceTree = "<group>"; };
		89CCF2A91DC3C68100142304 /* Base */ = {isa = PBXFileReference; lastKnownFileType = file.storyboard; name = Base; path = Base.lproj/LaunchScreen.storyboard; sourceTree = "<group>"; };
		89CCF2AB1DC3C68100142304 /* Info.plist */ = {isa = PBXFileReference; lastKnownFileType = text.plist.xml; path = Info.plist; sourceTree = "<group>"; };
		89CCF2B01DC3C68100142304 /* CabifyMobileChallengeTests.xctest */ = {isa = PBXFileReference; explicitFileType = wrapper.cfbundle; includeInIndex = 0; path = CabifyMobileChallengeTests.xctest; sourceTree = BUILT_PRODUCTS_DIR; };
		89CCF2B61DC3C68100142304 /* Info.plist */ = {isa = PBXFileReference; lastKnownFileType = text.plist.xml; path = Info.plist; sourceTree = "<group>"; };
		89CCF2C71DC5F3C800142304 /* Utils.swift */ = {isa = PBXFileReference; fileEncoding = 4; lastKnownFileType = sourcecode.swift; path = Utils.swift; sourceTree = "<group>"; };
		89CCF2CA1DC5F40600142304 /* Bridging-Header.h */ = {isa = PBXFileReference; fileEncoding = 4; lastKnownFileType = sourcecode.c.h; path = "Bridging-Header.h"; sourceTree = "<group>"; };
		89CCF2CE1DC5F47F00142304 /* Bridging-Header.h */ = {isa = PBXFileReference; fileEncoding = 4; lastKnownFileType = sourcecode.c.h; path = "Bridging-Header.h"; sourceTree = "<group>"; };
		89CCF2D11DC5F86D00142304 /* ProductListViewController.swift */ = {isa = PBXFileReference; fileEncoding = 4; lastKnownFileType = sourcecode.swift; path = ProductListViewController.swift; sourceTree = "<group>"; };
		89CCF2D31DC5F9BE00142304 /* ProductTableViewCell.swift */ = {isa = PBXFileReference; fileEncoding = 4; lastKnownFileType = sourcecode.swift; path = ProductTableViewCell.swift; sourceTree = "<group>"; };
		89CCF2D51DC601BB00142304 /* ProductListModel.swift */ = {isa = PBXFileReference; fileEncoding = 4; lastKnownFileType = sourcecode.swift; path = ProductListModel.swift; sourceTree = "<group>"; };
		89CCF2D71DC601D300142304 /* Product.swift */ = {isa = PBXFileReference; fileEncoding = 4; lastKnownFileType = sourcecode.swift; path = Product.swift; sourceTree = "<group>"; };
		89CCF2D91DC6049100142304 /* Localizable.strings */ = {isa = PBXFileReference; fileEncoding = 4; lastKnownFileType = text.plist.strings; path = Localizable.strings; sourceTree = "<group>"; };
		89CCF2DC1DC740C400142304 /* Request.swift */ = {isa = PBXFileReference; fileEncoding = 4; lastKnownFileType = sourcecode.swift; path = Request.swift; sourceTree = "<group>"; };
		89CCF2E01DC743B800142304 /* NSObjectExtension.swift */ = {isa = PBXFileReference; fileEncoding = 4; lastKnownFileType = sourcecode.swift; path = NSObjectExtension.swift; sourceTree = "<group>"; };
		89CCF2E31DC7442D00142304 /* RequestManager.swift */ = {isa = PBXFileReference; fileEncoding = 4; lastKnownFileType = sourcecode.swift; path = RequestManager.swift; sourceTree = "<group>"; };
		89CCF2E61DC7455200142304 /* RequestManagerResponse.swift */ = {isa = PBXFileReference; fileEncoding = 4; lastKnownFileType = sourcecode.swift; path = RequestManagerResponse.swift; sourceTree = "<group>"; };
		89CCF2EB1DC7468F00142304 /* GetProductsRequest.swift */ = {isa = PBXFileReference; fileEncoding = 4; lastKnownFileType = sourcecode.swift; path = GetProductsRequest.swift; sourceTree = "<group>"; };
		89CCF2F61DC748A400142304 /* GetProductsRequestManager.swift */ = {isa = PBXFileReference; fileEncoding = 4; lastKnownFileType = sourcecode.swift; path = GetProductsRequestManager.swift; sourceTree = "<group>"; };
		89CCF2FC1DC74B0A00142304 /* UIViewControllerExtension.swift */ = {isa = PBXFileReference; fileEncoding = 4; lastKnownFileType = sourcecode.swift; path = UIViewControllerExtension.swift; sourceTree = "<group>"; };
		89CCF2FF1DC758D600142304 /* ProductListViewControllerAccessory.swift */ = {isa = PBXFileReference; fileEncoding = 4; lastKnownFileType = sourcecode.swift; path = ProductListViewControllerAccessory.swift; sourceTree = "<group>"; };
		CD3AB34E955DD04F1B23C354 /* Pods-CabifyMobileChallenge.debug.xcconfig */ = {isa = PBXFileReference; includeInIndex = 1; lastKnownFileType = text.xcconfig; name = "Pods-CabifyMobileChallenge.debug.xcconfig"; path = "Pods/Target Support Files/Pods-CabifyMobileChallenge/Pods-CabifyMobileChallenge.debug.xcconfig"; sourceTree = "<group>"; };
/* End PBXFileReference section */

/* Begin PBXFrameworksBuildPhase section */
		89CCF2991DC3C68100142304 /* Frameworks */ = {
			isa = PBXFrameworksBuildPhase;
			buildActionMask = 2147483647;
			files = (
				A435135D3934E95018BBDE7E /* Pods_CabifyMobileChallenge.framework in Frameworks */,
			);
			runOnlyForDeploymentPostprocessing = 0;
		};
		89CCF2AD1DC3C68100142304 /* Frameworks */ = {
			isa = PBXFrameworksBuildPhase;
			buildActionMask = 2147483647;
			files = (
				0AA8826F1EDBA5CB3D94BF51 /* Pods_CabifyMobileChallengeTests.framework in Frameworks */,
			);
			runOnlyForDeploymentPostprocessing = 0;
		};
/* End PBXFrameworksBuildPhase section */

/* Begin PBXGroup section */
		3CE61EB7AC156467A2D5AC48 /* Pods */ = {
			isa = PBXGroup;
			children = (
				CD3AB34E955DD04F1B23C354 /* Pods-CabifyMobileChallenge.debug.xcconfig */,
				7FDD3A327A8A87E3732606B6 /* Pods-CabifyMobileChallenge.release.xcconfig */,
				72B7D6E0B03B4824D3FF185B /* Pods-CabifyMobileChallengeTests.debug.xcconfig */,
				3EF8A03B66701121BC49F079 /* Pods-CabifyMobileChallengeTests.release.xcconfig */,
			);
			name = Pods;
			sourceTree = "<group>";
		};
		89A79A1E1DC7944F00AE2949 /* Communications */ = {
			isa = PBXGroup;
			children = (
				89A79A201DC7946700AE2949 /* RequestManagers */,
				89A79A1F1DC7946200AE2949 /* Requests */,
			);
			name = Communications;
			sourceTree = "<group>";
		};
		89A79A1F1DC7946200AE2949 /* Requests */ = {
			isa = PBXGroup;
			children = (
				89A79A211DC7948900AE2949 /* GetProductsRequestTests.swift */,
			);
			name = Requests;
			sourceTree = "<group>";
		};
		89A79A201DC7946700AE2949 /* RequestManagers */ = {
			isa = PBXGroup;
			children = (
				89A79A231DC794E700AE2949 /* GetProductsRequestManagerTests.swift */,
			);
			name = RequestManagers;
			sourceTree = "<group>";
		};
		89A79A271DC7990A00AE2949 /* Views */ = {
			isa = PBXGroup;
			children = (
				89A79A281DC7992400AE2949 /* ProductListViewControllerAccessoryTests.swift */,
			);
			name = Views;
			sourceTree = "<group>";
		};
		89CCF2931DC3C68000142304 = {
			isa = PBXGroup;
			children = (
				89CCF29E1DC3C68100142304 /* CabifyMobileChallenge */,
				89CCF2B31DC3C68100142304 /* CabifyMobileChallengeTests */,
				89CCF29D1DC3C68100142304 /* Products */,
				3CE61EB7AC156467A2D5AC48 /* Pods */,
				B5CD4C3B6054C5623C84FC79 /* Frameworks */,
			);
			sourceTree = "<group>";
		};
		89CCF29D1DC3C68100142304 /* Products */ = {
			isa = PBXGroup;
			children = (
				89CCF29C1DC3C68100142304 /* CabifyMobileChallenge.app */,
				89CCF2B01DC3C68100142304 /* CabifyMobileChallengeTests.xctest */,
			);
			name = Products;
			sourceTree = "<group>";
		};
		89CCF29E1DC3C68100142304 /* CabifyMobileChallenge */ = {
			isa = PBXGroup;
			children = (
				89CCF2C21DC5F35600142304 /* Supporting Files */,
				89CCF2C11DC5F34E00142304 /* Sources */,
				89CCF2C01DC5F34700142304 /* Resources */,
				89CCF2BF1DC5F33F00142304 /* Libraries */,
			);
			path = CabifyMobileChallenge;
			sourceTree = "<group>";
		};
		89CCF2B31DC3C68100142304 /* CabifyMobileChallengeTests */ = {
			isa = PBXGroup;
			children = (
				89CCF2CD1DC5F44E00142304 /* Supporting Files */,
				89CCF2CC1DC5F44900142304 /* Mocks */,
				89CCF2CB1DC5F44300142304 /* Tests */,
			);
			path = CabifyMobileChallengeTests;
			sourceTree = "<group>";
		};
		89CCF2BF1DC5F33F00142304 /* Libraries */ = {
			isa = PBXGroup;
			children = (
			);
			name = Libraries;
			sourceTree = "<group>";
		};
		89CCF2C01DC5F34700142304 /* Resources */ = {
			isa = PBXGroup;
			children = (
				89CCF2A61DC3C68100142304 /* Assets.xcassets */,
			);
			name = Resources;
			sourceTree = "<group>";
		};
		89CCF2C11DC5F34E00142304 /* Sources */ = {
			isa = PBXGroup;
			children = (
				89CCF2C61DC5F38000142304 /* Views */,
				89CCF2C41DC5F37600142304 /* Classes */,
				89CCF2C31DC5F36100142304 /* Delegate */,
			);
			name = Sources;
			sourceTree = "<group>";
		};
		89CCF2C21DC5F35600142304 /* Supporting Files */ = {
			isa = PBXGroup;
			children = (
				89CCF2CA1DC5F40600142304 /* Bridging-Header.h */,
				89CCF2AB1DC3C68100142304 /* Info.plist */,
				89CCF2C71DC5F3C800142304 /* Utils.swift */,
				89CCF2D91DC6049100142304 /* Localizable.strings */,
			);
			name = "Supporting Files";
			sourceTree = "<group>";
		};
		89CCF2C31DC5F36100142304 /* Delegate */ = {
			isa = PBXGroup;
			children = (
				89CCF29F1DC3C68100142304 /* AppDelegate.swift */,
			);
			name = Delegate;
			sourceTree = "<group>";
		};
		89CCF2C41DC5F37600142304 /* Classes */ = {
			isa = PBXGroup;
			children = (
				89CCF2C51DC5F37C00142304 /* Model */,
				89CCF2DF1DC743A800142304 /* Extensions */,
				89CCF2DB1DC73F7B00142304 /* Communications */,
			);
			name = Classes;
			sourceTree = "<group>";
		};
		89CCF2C51DC5F37C00142304 /* Model */ = {
			isa = PBXGroup;
			children = (
				89CCF2D71DC601D300142304 /* Product.swift */,
			);
			name = Model;
			sourceTree = "<group>";
		};
		89CCF2C61DC5F38000142304 /* Views */ = {
			isa = PBXGroup;
			children = (
				89CCF2D01DC5F80D00142304 /* List */,
				89CCF2CF1DC5F80300142304 /* Splash */,
				89CCF2A31DC3C68100142304 /* Main.storyboard */,
			);
			name = Views;
			sourceTree = "<group>";
		};
		89CCF2CB1DC5F44300142304 /* Tests */ = {
			isa = PBXGroup;
			children = (
				89A79A271DC7990A00AE2949 /* Views */,
				89A79A1E1DC7944F00AE2949 /* Communications */,
			);
			name = Tests;
			sourceTree = "<group>";
		};
		89CCF2CC1DC5F44900142304 /* Mocks */ = {
			isa = PBXGroup;
			children = (
			);
			name = Mocks;
			sourceTree = "<group>";
		};
		89CCF2CD1DC5F44E00142304 /* Supporting Files */ = {
			isa = PBXGroup;
			children = (
				89CCF2CE1DC5F47F00142304 /* Bridging-Header.h */,
				89CCF2B61DC3C68100142304 /* Info.plist */,
			);
			name = "Supporting Files";
			sourceTree = "<group>";
		};
		89CCF2CF1DC5F80300142304 /* Splash */ = {
			isa = PBXGroup;
			children = (
				89CCF2A81DC3C68100142304 /* LaunchScreen.storyboard */,
			);
			name = Splash;
			sourceTree = "<group>";
		};
		89CCF2D01DC5F80D00142304 /* List */ = {
			isa = PBXGroup;
			children = (
				89CCF2D51DC601BB00142304 /* ProductListModel.swift */,
				89CCF2D11DC5F86D00142304 /* ProductListViewController.swift */,
				89CCF2D31DC5F9BE00142304 /* ProductTableViewCell.swift */,
				89CCF2FF1DC758D600142304 /* ProductListViewControllerAccessory.swift */,
				89A79A1B1DC76A5000AE2949 /* ProductListFooterView.swift */,
			);
			name = List;
			sourceTree = "<group>";
		};
		89CCF2DB1DC73F7B00142304 /* Communications */ = {
			isa = PBXGroup;
			children = (
				89CCF2EA1DC7467700142304 /* RequestsManagers */,
				89CCF2E91DC7466600142304 /* Requests */,
				89CCF2DC1DC740C400142304 /* Request.swift */,
				89CCF2E31DC7442D00142304 /* RequestManager.swift */,
				89CCF2E61DC7455200142304 /* RequestManagerResponse.swift */,
			);
			name = Communications;
			sourceTree = "<group>";
		};
		89CCF2DF1DC743A800142304 /* Extensions */ = {
			isa = PBXGroup;
			children = (
				89CCF2E01DC743B800142304 /* NSObjectExtension.swift */,
				89CCF2FC1DC74B0A00142304 /* UIViewControllerExtension.swift */,
			);
			name = Extensions;
			sourceTree = "<group>";
		};
		89CCF2E91DC7466600142304 /* Requests */ = {
			isa = PBXGroup;
			children = (
				89CCF2EB1DC7468F00142304 /* GetProductsRequest.swift */,
			);
			name = Requests;
			sourceTree = "<group>";
		};
		89CCF2EA1DC7467700142304 /* RequestsManagers */ = {
			isa = PBXGroup;
			children = (
				89CCF2F61DC748A400142304 /* GetProductsRequestManager.swift */,
			);
			name = RequestsManagers;
			sourceTree = "<group>";
		};
		B5CD4C3B6054C5623C84FC79 /* Frameworks */ = {
			isa = PBXGroup;
			children = (
				3D1017A4B3507329C9AD68AA /* Pods_CabifyMobileChallenge.framework */,
				6517FC909C9E71A1DBB9AAEB /* Pods_CabifyMobileChallengeTests.framework */,
			);
			name = Frameworks;
			sourceTree = "<group>";
		};
/* End PBXGroup section */

/* Begin PBXNativeTarget section */
		89CCF29B1DC3C68100142304 /* CabifyMobileChallenge */ = {
			isa = PBXNativeTarget;
			buildConfigurationList = 89CCF2B91DC3C68100142304 /* Build configuration list for PBXNativeTarget "CabifyMobileChallenge" */;
			buildPhases = (
				3100016509B882E943D3F71D /* [CP] Check Pods Manifest.lock */,
				89CCF2981DC3C68100142304 /* Sources */,
				89CCF2991DC3C68100142304 /* Frameworks */,
				89CCF29A1DC3C68100142304 /* Resources */,
				26F2AF48F496F6FD11F471FC /* [CP] Embed Pods Frameworks */,
				B7303EEE1F4D6EC60F5D2EF9 /* [CP] Copy Pods Resources */,
			);
			buildRules = (
			);
			dependencies = (
			);
			name = CabifyMobileChallenge;
			productName = CabifyMobileChallenge;
			productReference = 89CCF29C1DC3C68100142304 /* CabifyMobileChallenge.app */;
			productType = "com.apple.product-type.application";
		};
		89CCF2AF1DC3C68100142304 /* CabifyMobileChallengeTests */ = {
			isa = PBXNativeTarget;
			buildConfigurationList = 89CCF2BC1DC3C68100142304 /* Build configuration list for PBXNativeTarget "CabifyMobileChallengeTests" */;
			buildPhases = (
				6927147DC3573C50807DAE7C /* [CP] Check Pods Manifest.lock */,
				89CCF2AC1DC3C68100142304 /* Sources */,
				89CCF2AD1DC3C68100142304 /* Frameworks */,
				89CCF2AE1DC3C68100142304 /* Resources */,
				439E5328D437961FA4DDBA8A /* [CP] Embed Pods Frameworks */,
				D04520B8E9C91E2A17ECD029 /* [CP] Copy Pods Resources */,
			);
			buildRules = (
			);
			dependencies = (
				89CCF2B21DC3C68100142304 /* PBXTargetDependency */,
			);
			name = CabifyMobileChallengeTests;
			productName = CabifyMobileChallengeTests;
			productReference = 89CCF2B01DC3C68100142304 /* CabifyMobileChallengeTests.xctest */;
			productType = "com.apple.product-type.bundle.unit-test";
		};
/* End PBXNativeTarget section */

/* Begin PBXProject section */
		89CCF2941DC3C68000142304 /* Project object */ = {
			isa = PBXProject;
			attributes = {
				LastSwiftUpdateCheck = 0800;
				LastUpgradeCheck = 0800;
				ORGANIZATIONNAME = Cabify;
				TargetAttributes = {
					89CCF29B1DC3C68100142304 = {
						CreatedOnToolsVersion = 8.0;
						ProvisioningStyle = Automatic;
					};
					89CCF2AF1DC3C68100142304 = {
						CreatedOnToolsVersion = 8.0;
						ProvisioningStyle = Automatic;
						TestTargetID = 89CCF29B1DC3C68100142304;
					};
				};
			};
			buildConfigurationList = 89CCF2971DC3C68100142304 /* Build configuration list for PBXProject "CabifyMobileChallenge" */;
			compatibilityVersion = "Xcode 3.2";
			developmentRegion = English;
			hasScannedForEncodings = 0;
			knownRegions = (
				en,
				Base,
			);
			mainGroup = 89CCF2931DC3C68000142304;
			productRefGroup = 89CCF29D1DC3C68100142304 /* Products */;
			projectDirPath = "";
			projectRoot = "";
			targets = (
				89CCF29B1DC3C68100142304 /* CabifyMobileChallenge */,
				89CCF2AF1DC3C68100142304 /* CabifyMobileChallengeTests */,
			);
		};
/* End PBXProject section */

/* Begin PBXResourcesBuildPhase section */
		89CCF29A1DC3C68100142304 /* Resources */ = {
			isa = PBXResourcesBuildPhase;
			buildActionMask = 2147483647;
			files = (
				89CCF2AA1DC3C68100142304 /* LaunchScreen.storyboard in Resources */,
				89CCF2DA1DC6049100142304 /* Localizable.strings in Resources */,
				89CCF2A71DC3C68100142304 /* Assets.xcassets in Resources */,
				89CCF2A51DC3C68100142304 /* Main.storyboard in Resources */,
			);
			runOnlyForDeploymentPostprocessing = 0;
		};
		89CCF2AE1DC3C68100142304 /* Resources */ = {
			isa = PBXResourcesBuildPhase;
			buildActionMask = 2147483647;
			files = (
			);
			runOnlyForDeploymentPostprocessing = 0;
		};
/* End PBXResourcesBuildPhase section */

/* Begin PBXShellScriptBuildPhase section */
		26F2AF48F496F6FD11F471FC /* [CP] Embed Pods Frameworks */ = {
			isa = PBXShellScriptBuildPhase;
			buildActionMask = 2147483647;
			files = (
			);
			inputPaths = (
			);
			name = "[CP] Embed Pods Frameworks";
			outputPaths = (
			);
			runOnlyForDeploymentPostprocessing = 0;
			shellPath = /bin/sh;
			shellScript = "\"${SRCROOT}/Pods/Target Support Files/Pods-CabifyMobileChallenge/Pods-CabifyMobileChallenge-frameworks.sh\"\n";
			showEnvVarsInLog = 0;
		};
		3100016509B882E943D3F71D /* [CP] Check Pods Manifest.lock */ = {
			isa = PBXShellScriptBuildPhase;
			buildActionMask = 2147483647;
			files = (
			);
			inputPaths = (
			);
			name = "[CP] Check Pods Manifest.lock";
			outputPaths = (
			);
			runOnlyForDeploymentPostprocessing = 0;
			shellPath = /bin/sh;
			shellScript = "diff \"${PODS_ROOT}/../Podfile.lock\" \"${PODS_ROOT}/Manifest.lock\" > /dev/null\nif [ $? != 0 ] ; then\n    # print error to STDERR\n    echo \"error: The sandbox is not in sync with the Podfile.lock. Run 'pod install' or update your CocoaPods installation.\" >&2\n    exit 1\nfi\n";
			showEnvVarsInLog = 0;
		};
		439E5328D437961FA4DDBA8A /* [CP] Embed Pods Frameworks */ = {
			isa = PBXShellScriptBuildPhase;
			buildActionMask = 2147483647;
			files = (
			);
			inputPaths = (
			);
			name = "[CP] Embed Pods Frameworks";
			outputPaths = (
			);
			runOnlyForDeploymentPostprocessing = 0;
			shellPath = /bin/sh;
			shellScript = "\"${SRCROOT}/Pods/Target Support Files/Pods-CabifyMobileChallengeTests/Pods-CabifyMobileChallengeTests-frameworks.sh\"\n";
			showEnvVarsInLog = 0;
		};
		6927147DC3573C50807DAE7C /* [CP] Check Pods Manifest.lock */ = {
			isa = PBXShellScriptBuildPhase;
			buildActionMask = 2147483647;
			files = (
			);
			inputPaths = (
			);
			name = "[CP] Check Pods Manifest.lock";
			outputPaths = (
			);
			runOnlyForDeploymentPostprocessing = 0;
			shellPath = /bin/sh;
			shellScript = "diff \"${PODS_ROOT}/../Podfile.lock\" \"${PODS_ROOT}/Manifest.lock\" > /dev/null\nif [ $? != 0 ] ; then\n    # print error to STDERR\n    echo \"error: The sandbox is not in sync with the Podfile.lock. Run 'pod install' or update your CocoaPods installation.\" >&2\n    exit 1\nfi\n";
			showEnvVarsInLog = 0;
		};
		B7303EEE1F4D6EC60F5D2EF9 /* [CP] Copy Pods Resources */ = {
			isa = PBXShellScriptBuildPhase;
			buildActionMask = 2147483647;
			files = (
			);
			inputPaths = (
			);
			name = "[CP] Copy Pods Resources";
			outputPaths = (
			);
			runOnlyForDeploymentPostprocessing = 0;
			shellPath = /bin/sh;
			shellScript = "\"${SRCROOT}/Pods/Target Support Files/Pods-CabifyMobileChallenge/Pods-CabifyMobileChallenge-resources.sh\"\n";
			showEnvVarsInLog = 0;
		};
		D04520B8E9C91E2A17ECD029 /* [CP] Copy Pods Resources */ = {
			isa = PBXShellScriptBuildPhase;
			buildActionMask = 2147483647;
			files = (
			);
			inputPaths = (
			);
			name = "[CP] Copy Pods Resources";
			outputPaths = (
			);
			runOnlyForDeploymentPostprocessing = 0;
			shellPath = /bin/sh;
			shellScript = "\"${SRCROOT}/Pods/Target Support Files/Pods-CabifyMobileChallengeTests/Pods-CabifyMobileChallengeTests-resources.sh\"\n";
			showEnvVarsInLog = 0;
		};
/* End PBXShellScriptBuildPhase section */

/* Begin PBXSourcesBuildPhase section */
		89CCF2981DC3C68100142304 /* Sources */ = {
			isa = PBXSourcesBuildPhase;
			buildActionMask = 2147483647;
			files = (
				89CCF2EC1DC7468F00142304 /* GetProductsRequest.swift in Sources */,
				89A79A1C1DC76A5000AE2949 /* ProductListFooterView.swift in Sources */,
				89CCF2A01DC3C68100142304 /* AppDelegate.swift in Sources */,
				89CCF2D61DC601BB00142304 /* ProductListModel.swift in Sources */,
				89CCF3001DC758D600142304 /* ProductListViewControllerAccessory.swift in Sources */,
				89CCF2E71DC7455200142304 /* RequestManagerResponse.swift in Sources */,
				89CCF2D41DC5F9BE00142304 /* ProductTableViewCell.swift in Sources */,
				89CCF2C81DC5F3C800142304 /* Utils.swift in Sources */,
				89CCF2DD1DC740C400142304 /* Request.swift in Sources */,
				89CCF2D21DC5F86D00142304 /* ProductListViewController.swift in Sources */,
				89CCF2E41DC7442D00142304 /* RequestManager.swift in Sources */,
				89CCF2D81DC601D300142304 /* Product.swift in Sources */,
				89CCF2F71DC748A400142304 /* GetProductsRequestManager.swift in Sources */,
				89CCF2FD1DC74B0A00142304 /* UIViewControllerExtension.swift in Sources */,
				89CCF2E11DC743B800142304 /* NSObjectExtension.swift in Sources */,
			);
			runOnlyForDeploymentPostprocessing = 0;
		};
		89CCF2AC1DC3C68100142304 /* Sources */ = {
			isa = PBXSourcesBuildPhase;
			buildActionMask = 2147483647;
			files = (
				89CCF2E81DC7455200142304 /* RequestManagerResponse.swift in Sources */,
				89A79A261DC796D000AE2949 /* ProductListModel.swift in Sources */,
				89A79A291DC7992400AE2949 /* ProductListViewControllerAccessoryTests.swift in Sources */,
				89CCF2E51DC7442D00142304 /* RequestManager.swift in Sources */,
				89CCF2FE1DC74B0A00142304 /* UIViewControllerExtension.swift in Sources */,
				89CCF2F81DC748A400142304 /* GetProductsRequestManager.swift in Sources */,
				89CCF2ED1DC7468F00142304 /* GetProductsRequest.swift in Sources */,
				89CCF2DE1DC740C400142304 /* Request.swift in Sources */,
				89CCF3011DC758D600142304 /* ProductListViewControllerAccessory.swift in Sources */,
				89A79A221DC7948900AE2949 /* GetProductsRequestTests.swift in Sources */,
				89CCF2C91DC5F3C800142304 /* Utils.swift in Sources */,
				89A79A241DC794E700AE2949 /* GetProductsRequestManagerTests.swift in Sources */,
				89CCF2E21DC743B800142304 /* NSObjectExtension.swift in Sources */,
				89A79A251DC796C400AE2949 /* Product.swift in Sources */,
			);
			runOnlyForDeploymentPostprocessing = 0;
		};
/* End PBXSourcesBuildPhase section */

/* Begin PBXTargetDependency section */
		89CCF2B21DC3C68100142304 /* PBXTargetDependency */ = {
			isa = PBXTargetDependency;
			target = 89CCF29B1DC3C68100142304 /* CabifyMobileChallenge */;
			targetProxy = 89CCF2B11DC3C68100142304 /* PBXContainerItemProxy */;
		};
/* End PBXTargetDependency section */

/* Begin PBXVariantGroup section */
		89CCF2A31DC3C68100142304 /* Main.storyboard */ = {
			isa = PBXVariantGroup;
			children = (
				89CCF2A41DC3C68100142304 /* Base */,
			);
			name = Main.storyboard;
			sourceTree = "<group>";
		};
		89CCF2A81DC3C68100142304 /* LaunchScreen.storyboard */ = {
			isa = PBXVariantGroup;
			children = (
				89CCF2A91DC3C68100142304 /* Base */,
			);
			name = LaunchScreen.storyboard;
			sourceTree = "<group>";
		};
/* End PBXVariantGroup section */

/* Begin XCBuildConfiguration section */
		89CCF2B71DC3C68100142304 /* Debug */ = {
			isa = XCBuildConfiguration;
			buildSettings = {
				ALWAYS_SEARCH_USER_PATHS = NO;
				CLANG_ANALYZER_NONNULL = YES;
				CLANG_CXX_LANGUAGE_STANDARD = "gnu++0x";
				CLANG_CXX_LIBRARY = "libc++";
				CLANG_ENABLE_MODULES = YES;
				CLANG_ENABLE_OBJC_ARC = YES;
				CLANG_WARN_BOOL_CONVERSION = YES;
				CLANG_WARN_CONSTANT_CONVERSION = YES;
				CLANG_WARN_DIRECT_OBJC_ISA_USAGE = YES_ERROR;
				CLANG_WARN_DOCUMENTATION_COMMENTS = YES;
				CLANG_WARN_EMPTY_BODY = YES;
				CLANG_WARN_ENUM_CONVERSION = YES;
				CLANG_WARN_INFINITE_RECURSION = YES;
				CLANG_WARN_INT_CONVERSION = YES;
				CLANG_WARN_OBJC_ROOT_CLASS = YES_ERROR;
				CLANG_WARN_SUSPICIOUS_MOVES = YES;
				CLANG_WARN_UNREACHABLE_CODE = YES;
				CLANG_WARN__DUPLICATE_METHOD_MATCH = YES;
				"CODE_SIGN_IDENTITY[sdk=iphoneos*]" = "iPhone Developer";
				COPY_PHASE_STRIP = NO;
				DEBUG_INFORMATION_FORMAT = dwarf;
				ENABLE_STRICT_OBJC_MSGSEND = YES;
				ENABLE_TESTABILITY = YES;
				GCC_C_LANGUAGE_STANDARD = gnu99;
				GCC_DYNAMIC_NO_PIC = NO;
				GCC_NO_COMMON_BLOCKS = YES;
				GCC_OPTIMIZATION_LEVEL = 0;
				GCC_PREPROCESSOR_DEFINITIONS = (
					"DEBUG=1",
					"$(inherited)",
				);
				GCC_WARN_64_TO_32_BIT_CONVERSION = YES;
				GCC_WARN_ABOUT_RETURN_TYPE = YES_ERROR;
				GCC_WARN_UNDECLARED_SELECTOR = YES;
				GCC_WARN_UNINITIALIZED_AUTOS = YES_AGGRESSIVE;
				GCC_WARN_UNUSED_FUNCTION = YES;
				GCC_WARN_UNUSED_VARIABLE = YES;
				IPHONEOS_DEPLOYMENT_TARGET = 10.0;
				MTL_ENABLE_DEBUG_INFO = YES;
				ONLY_ACTIVE_ARCH = YES;
				SDKROOT = iphoneos;
				SWIFT_ACTIVE_COMPILATION_CONDITIONS = DEBUG;
				SWIFT_OPTIMIZATION_LEVEL = "-Onone";
			};
			name = Debug;
		};
		89CCF2B81DC3C68100142304 /* Release */ = {
			isa = XCBuildConfiguration;
			buildSettings = {
				ALWAYS_SEARCH_USER_PATHS = NO;
				CLANG_ANALYZER_NONNULL = YES;
				CLANG_CXX_LANGUAGE_STANDARD = "gnu++0x";
				CLANG_CXX_LIBRARY = "libc++";
				CLANG_ENABLE_MODULES = YES;
				CLANG_ENABLE_OBJC_ARC = YES;
				CLANG_WARN_BOOL_CONVERSION = YES;
				CLANG_WARN_CONSTANT_CONVERSION = YES;
				CLANG_WARN_DIRECT_OBJC_ISA_USAGE = YES_ERROR;
				CLANG_WARN_DOCUMENTATION_COMMENTS = YES;
				CLANG_WARN_EMPTY_BODY = YES;
				CLANG_WARN_ENUM_CONVERSION = YES;
				CLANG_WARN_INFINITE_RECURSION = YES;
				CLANG_WARN_INT_CONVERSION = YES;
				CLANG_WARN_OBJC_ROOT_CLASS = YES_ERROR;
				CLANG_WARN_SUSPICIOUS_MOVES = YES;
				CLANG_WARN_UNREACHABLE_CODE = YES;
				CLANG_WARN__DUPLICATE_METHOD_MATCH = YES;
				"CODE_SIGN_IDENTITY[sdk=iphoneos*]" = "iPhone Developer";
				COPY_PHASE_STRIP = NO;
				DEBUG_INFORMATION_FORMAT = "dwarf-with-dsym";
				ENABLE_NS_ASSERTIONS = NO;
				ENABLE_STRICT_OBJC_MSGSEND = YES;
				GCC_C_LANGUAGE_STANDARD = gnu99;
				GCC_NO_COMMON_BLOCKS = YES;
				GCC_WARN_64_TO_32_BIT_CONVERSION = YES;
				GCC_WARN_ABOUT_RETURN_TYPE = YES_ERROR;
				GCC_WARN_UNDECLARED_SELECTOR = YES;
				GCC_WARN_UNINITIALIZED_AUTOS = YES_AGGRESSIVE;
				GCC_WARN_UNUSED_FUNCTION = YES;
				GCC_WARN_UNUSED_VARIABLE = YES;
				IPHONEOS_DEPLOYMENT_TARGET = 10.0;
				MTL_ENABLE_DEBUG_INFO = NO;
				SDKROOT = iphoneos;
				SWIFT_OPTIMIZATION_LEVEL = "-Owholemodule";
				VALIDATE_PRODUCT = YES;
			};
			name = Release;
		};
		89CCF2BA1DC3C68100142304 /* Debug */ = {
			isa = XCBuildConfiguration;
			baseConfigurationReference = CD3AB34E955DD04F1B23C354 /* Pods-CabifyMobileChallenge.debug.xcconfig */;
			buildSettings = {
				ASSETCATALOG_COMPILER_APPICON_NAME = AppIcon;
				INFOPLIST_FILE = CabifyMobileChallenge/Info.plist;
				LD_RUNPATH_SEARCH_PATHS = "$(inherited) @executable_path/Frameworks";
				PRODUCT_BUNDLE_IDENTIFIER = com.Cabify.CabifyMobileChallenge;
				PRODUCT_NAME = "$(TARGET_NAME)";
				SWIFT_OBJC_BRIDGING_HEADER = "CabifyMobileChallenge/Bridging-Header.h";
				SWIFT_VERSION = 3.0;
			};
			name = Debug;
		};
		89CCF2BB1DC3C68100142304 /* Release */ = {
			isa = XCBuildConfiguration;
			baseConfigurationReference = 7FDD3A327A8A87E3732606B6 /* Pods-CabifyMobileChallenge.release.xcconfig */;
			buildSettings = {
				ASSETCATALOG_COMPILER_APPICON_NAME = AppIcon;
				INFOPLIST_FILE = CabifyMobileChallenge/Info.plist;
				LD_RUNPATH_SEARCH_PATHS = "$(inherited) @executable_path/Frameworks";
				PRODUCT_BUNDLE_IDENTIFIER = com.Cabify.CabifyMobileChallenge;
				PRODUCT_NAME = "$(TARGET_NAME)";
				SWIFT_OBJC_BRIDGING_HEADER = "CabifyMobileChallenge/Bridging-Header.h";
				SWIFT_VERSION = 3.0;
			};
			name = Release;
		};
		89CCF2BD1DC3C68100142304 /* Debug */ = {
			isa = XCBuildConfiguration;
			baseConfigurationReference = 72B7D6E0B03B4824D3FF185B /* Pods-CabifyMobileChallengeTests.debug.xcconfig */;
			buildSettings = {
				ALWAYS_EMBED_SWIFT_STANDARD_LIBRARIES = YES;
				BUNDLE_LOADER = "$(TEST_HOST)";
				INFOPLIST_FILE = CabifyMobileChallengeTests/Info.plist;
				LD_RUNPATH_SEARCH_PATHS = "$(inherited) @executable_path/Frameworks @loader_path/Frameworks";
				PRODUCT_BUNDLE_IDENTIFIER = com.Cabify.CabifyMobileChallengeTests;
				PRODUCT_NAME = "$(TARGET_NAME)";
				SWIFT_OBJC_BRIDGING_HEADER = "CabifyMobileChallengeTests/Bridging-Header.h";
				SWIFT_VERSION = 3.0;
				TEST_HOST = "$(BUILT_PRODUCTS_DIR)/CabifyMobileChallenge.app/CabifyMobileChallenge";
			};
			name = Debug;
		};
		89CCF2BE1DC3C68100142304 /* Release */ = {
			isa = XCBuildConfiguration;
			baseConfigurationReference = 3EF8A03B66701121BC49F079 /* Pods-CabifyMobileChallengeTests.release.xcconfig */;
			buildSettings = {
				ALWAYS_EMBED_SWIFT_STANDARD_LIBRARIES = YES;
				BUNDLE_LOADER = "$(TEST_HOST)";
				INFOPLIST_FILE = CabifyMobileChallengeTests/Info.plist;
				LD_RUNPATH_SEARCH_PATHS = "$(inherited) @executable_path/Frameworks @loader_path/Frameworks";
				PRODUCT_BUNDLE_IDENTIFIER = com.Cabify.CabifyMobileChallengeTests;
				PRODUCT_NAME = "$(TARGET_NAME)";
				SWIFT_OBJC_BRIDGING_HEADER = "CabifyMobileChallengeTests/Bridging-Header.h";
				SWIFT_VERSION = 3.0;
				TEST_HOST = "$(BUILT_PRODUCTS_DIR)/CabifyMobileChallenge.app/CabifyMobileChallenge";
			};
			name = Release;
		};
/* End XCBuildConfiguration section */

/* Begin XCConfigurationList section */
		89CCF2971DC3C68100142304 /* Build configuration list for PBXProject "CabifyMobileChallenge" */ = {
			isa = XCConfigurationList;
			buildConfigurations = (
				89CCF2B71DC3C68100142304 /* Debug */,
				89CCF2B81DC3C68100142304 /* Release */,
			);
			defaultConfigurationIsVisible = 0;
			defaultConfigurationName = Release;
		};
		89CCF2B91DC3C68100142304 /* Build configuration list for PBXNativeTarget "CabifyMobileChallenge" */ = {
			isa = XCConfigurationList;
			buildConfigurations = (
				89CCF2BA1DC3C68100142304 /* Debug */,
				89CCF2BB1DC3C68100142304 /* Release */,
			);
			defaultConfigurationIsVisible = 0;
			defaultConfigurationName = Release;
		};
		89CCF2BC1DC3C68100142304 /* Build configuration list for PBXNativeTarget "CabifyMobileChallengeTests" */ = {
			isa = XCConfigurationList;
			buildConfigurations = (
				89CCF2BD1DC3C68100142304 /* Debug */,
				89CCF2BE1DC3C68100142304 /* Release */,
			);
			defaultConfigurationIsVisible = 0;
			defaultConfigurationName = Release;
		};
/* End XCConfigurationList section */
	};
	rootObject = 89CCF2941DC3C68000142304 /* Project object */;
}
